
Microsoft Visual Studio Solution File, Format Version 12.00
# Visual Studio Version 16
VisualStudioVersion = 16.0.29709.97
MinimumVisualStudioVersion = 10.0.40219.1
Project("{FAE04EC0-301F-11D3-BF4B-00C04F79EFBC}") = "UserLogin", "UserLogin\UserLogin.csproj", "{FE9CC84B-52A3-44EC-BEC7-17E6674A8E90}"
EndProject
Global
	GlobalSection(SolutionConfigurationPlatforms) = preSolution
		Debug|Any CPU = Debug|Any CPU
		Release|Any CPU = Release|Any CPU
	EndGlobalSection
	GlobalSection(ProjectConfigurationPlatforms) = postSolution
		{FE9CC84B-52A3-44EC-BEC7-17E6674A8E90}.Debug|Any CPU.ActiveCfg = Debug|Any CPU
		{FE9CC84B-52A3-44EC-BEC7-17E6674A8E90}.Debug|Any CPU.Build.0 = Debug|Any CPU
		{FE9CC84B-52A3-44EC-BEC7-17E6674A8E90}.Release|Any CPU.ActiveCfg = Release|Any CPU
		{FE9CC84B-52A3-44EC-BEC7-17E6674A8E90}.Release|Any CPU.Build.0 = Release|Any CPU
	EndGlobalSection
	GlobalSection(SolutionProperties) = preSolution
		HideSolutionNode = FALSE
	EndGlobalSection
	GlobalSection(ExtensibilityGlobals) = postSolution
		SolutionGuid = {9928F103-D549-48FF-A939-2F8C9F699DA5}
	EndGlobalSection
EndGlobal
